// !$*UTF8*$!
{
	archiveVersion = 1;
	classes = {
	};
	objectVersion = 56;
	objects = {

/* Begin PBXBuildFile section */
		5CBD8A062C14C11200636352 /* swipe_AssignmentApp.swift in Sources */ = {isa = PBXBuildFile; fileRef = 5CBD8A052C14C11200636352 /* swipe_AssignmentApp.swift */; };
		5CBD8A082C14C11200636352 /* ContentView.swift in Sources */ = {isa = PBXBuildFile; fileRef = 5CBD8A072C14C11200636352 /* ContentView.swift */; };
		5CBD8A0A2C14C11400636352 /* Assets.xcassets in Resources */ = {isa = PBXBuildFile; fileRef = 5CBD8A092C14C11400636352 /* Assets.xcassets */; };
		5CBD8A0D2C14C11400636352 /* Preview Assets.xcassets in Resources */ = {isa = PBXBuildFile; fileRef = 5CBD8A0C2C14C11400636352 /* Preview Assets.xcassets */; };
		5CBD8A142C14C14500636352 /* ProductModel.swift in Sources */ = {isa = PBXBuildFile; fileRef = 5CBD8A132C14C14500636352 /* ProductModel.swift */; };
		5CBD8A192C14CB5300636352 /* NetworkHelper.swift in Sources */ = {isa = PBXBuildFile; fileRef = 5CBD8A182C14CB5300636352 /* NetworkHelper.swift */; };
		5CBD8A1F2C14F1D600636352 /* AddProductView.swift in Sources */ = {isa = PBXBuildFile; fileRef = 5CBD8A1E2C14F1D600636352 /* AddProductView.swift */; };
		5CBD8A222C1516B900636352 /* AddProductViewModel.swift in Sources */ = {isa = PBXBuildFile; fileRef = 5CBD8A212C1516B900636352 /* AddProductViewModel.swift */; };
		5CBD8A242C1517E000636352 /* ContentViewModel.swift in Sources */ = {isa = PBXBuildFile; fileRef = 5CBD8A232C1517E000636352 /* ContentViewModel.swift */; };
/* End PBXBuildFile section */

/* Begin PBXFileReference section */
		5CBD8A022C14C11200636352 /* swipe_Assignment.app */ = {isa = PBXFileReference; explicitFileType = wrapper.application; includeInIndex = 0; path = swipe_Assignment.app; sourceTree = BUILT_PRODUCTS_DIR; };
		5CBD8A052C14C11200636352 /* swipe_AssignmentApp.swift */ = {isa = PBXFileReference; lastKnownFileType = sourcecode.swift; path = swipe_AssignmentApp.swift; sourceTree = "<group>"; };
		5CBD8A072C14C11200636352 /* ContentView.swift */ = {isa = PBXFileReference; lastKnownFileType = sourcecode.swift; path = ContentView.swift; sourceTree = "<group>"; };
		5CBD8A092C14C11400636352 /* Assets.xcassets */ = {isa = PBXFileReference; lastKnownFileType = folder.assetcatalog; path = Assets.xcassets; sourceTree = "<group>"; };
		5CBD8A0C2C14C11400636352 /* Preview Assets.xcassets */ = {isa = PBXFileReference; lastKnownFileType = folder.assetcatalog; path = "Preview Assets.xcassets"; sourceTree = "<group>"; };
		5CBD8A132C14C14500636352 /* ProductModel.swift */ = {isa = PBXFileReference; lastKnownFileType = sourcecode.swift; path = ProductModel.swift; sourceTree = "<group>"; };
		5CBD8A182C14CB5300636352 /* NetworkHelper.swift */ = {isa = PBXFileReference; lastKnownFileType = sourcecode.swift; path = NetworkHelper.swift; sourceTree = "<group>"; };
		5CBD8A1E2C14F1D600636352 /* AddProductView.swift */ = {isa = PBXFileReference; lastKnownFileType = sourcecode.swift; path = AddProductView.swift; sourceTree = "<group>"; };
		5CBD8A212C1516B900636352 /* AddProductViewModel.swift */ = {isa = PBXFileReference; lastKnownFileType = sourcecode.swift; path = AddProductViewModel.swift; sourceTree = "<group>"; };
		5CBD8A232C1517E000636352 /* ContentViewModel.swift */ = {isa = PBXFileReference; lastKnownFileType = sourcecode.swift; path = ContentViewModel.swift; sourceTree = "<group>"; };
/* End PBXFileReference section */

/* Begin PBXFrameworksBuildPhase section */
		5CBD89FF2C14C11200636352 /* Frameworks */ = {
			isa = PBXFrameworksBuildPhase;
			buildActionMask = 2147483647;
			files = (
			);
			runOnlyForDeploymentPostprocessing = 0;
		};
/* End PBXFrameworksBuildPhase section */

/* Begin PBXGroup section */
		5CBD89F92C14C11200636352 = {
			isa = PBXGroup;
			children = (
				5CBD8A042C14C11200636352 /* swipe_Assignment */,
				5CBD8A032C14C11200636352 /* Products */,
			);
			sourceTree = "<group>";
		};
		5CBD8A032C14C11200636352 /* Products */ = {
			isa = PBXGroup;
			children = (
				5CBD8A022C14C11200636352 /* swipe_Assignment.app */,
			);
			name = Products;
			sourceTree = "<group>";
		};
		5CBD8A042C14C11200636352 /* swipe_Assignment */ = {
			isa = PBXGroup;
			children = (
				5CBD8A052C14C11200636352 /* swipe_AssignmentApp.swift */,
				5CBD8A202C15169B00636352 /* Helper */,
				5CBD8A172C14CB3100636352 /* ViewModel */,
				5CBD8A162C14CB2900636352 /* View */,
				5CBD8A152C14CA9000636352 /* Model */,
				5CBD8A092C14C11400636352 /* Assets.xcassets */,
				5CBD8A0B2C14C11400636352 /* Preview Content */,
			);
			path = swipe_Assignment;
			sourceTree = "<group>";
		};
		5CBD8A0B2C14C11400636352 /* Preview Content */ = {
			isa = PBXGroup;
			children = (
				5CBD8A0C2C14C11400636352 /* Preview Assets.xcassets */,
			);
			path = "Preview Content";
			sourceTree = "<group>";
		};
		5CBD8A152C14CA9000636352 /* Model */ = {
			isa = PBXGroup;
			children = (
				5CBD8A132C14C14500636352 /* ProductModel.swift */,
			);
			path = Model;
			sourceTree = "<group>";
		};
		5CBD8A162C14CB2900636352 /* View */ = {
			isa = PBXGroup;
			children = (
				5CBD8A072C14C11200636352 /* ContentView.swift */,
				5CBD8A1E2C14F1D600636352 /* AddProductView.swift */,
			);
			path = View;
			sourceTree = "<group>";
		};
		5CBD8A172C14CB3100636352 /* ViewModel */ = {
			isa = PBXGroup;
			children = (
				5CBD8A212C1516B900636352 /* AddProductViewModel.swift */,
				5CBD8A232C1517E000636352 /* ContentViewModel.swift */,
			);
			path = ViewModel;
			sourceTree = "<group>";
		};
		5CBD8A202C15169B00636352 /* Helper */ = {
			isa = PBXGroup;
			children = (
				5CBD8A182C14CB5300636352 /* NetworkHelper.swift */,
			);
			path = Helper;
			sourceTree = "<group>";
		};
/* End PBXGroup section */

/* Begin PBXNativeTarget section */
		5CBD8A012C14C11200636352 /* swipe_Assignment */ = {
			isa = PBXNativeTarget;
			buildConfigurationList = 5CBD8A102C14C11400636352 /* Build configuration list for PBXNativeTarget "swipe_Assignment" */;
			buildPhases = (
				5CBD89FE2C14C11200636352 /* Sources */,
				5CBD89FF2C14C11200636352 /* Frameworks */,
				5CBD8A002C14C11200636352 /* Resources */,
			);
			buildRules = (
			);
			dependencies = (
			);
			name = swipe_Assignment;
			productName = swipe_Assignment;
			productReference = 5CBD8A022C14C11200636352 /* swipe_Assignment.app */;
			productType = "com.apple.product-type.application";
		};
/* End PBXNativeTarget section */

/* Begin PBXProject section */
		5CBD89FA2C14C11200636352 /* Project object */ = {
			isa = PBXProject;
			attributes = {
				BuildIndependentTargetsInParallel = 1;
				LastSwiftUpdateCheck = 1530;
				LastUpgradeCheck = 1530;
				TargetAttributes = {
					5CBD8A012C14C11200636352 = {
						CreatedOnToolsVersion = 15.3;
					};
				};
			};
			buildConfigurationList = 5CBD89FD2C14C11200636352 /* Build configuration list for PBXProject "swipe_Assignment" */;
			compatibilityVersion = "Xcode 14.0";
			developmentRegion = en;
			hasScannedForEncodings = 0;
			knownRegions = (
				en,
				Base,
			);
			mainGroup = 5CBD89F92C14C11200636352;
			productRefGroup = 5CBD8A032C14C11200636352 /* Products */;
			projectDirPath = "";
			projectRoot = "";
			targets = (
				5CBD8A012C14C11200636352 /* swipe_Assignment */,
			);
		};
/* End PBXProject section */

/* Begin PBXResourcesBuildPhase section */
		5CBD8A002C14C11200636352 /* Resources */ = {
			isa = PBXResourcesBuildPhase;
			buildActionMask = 2147483647;
			files = (
				5CBD8A0D2C14C11400636352 /* Preview Assets.xcassets in Resources */,
				5CBD8A0A2C14C11400636352 /* Assets.xcassets in Resources */,
			);
			runOnlyForDeploymentPostprocessing = 0;
		};
/* End PBXResourcesBuildPhase section */

/* Begin PBXSourcesBuildPhase section */
		5CBD89FE2C14C11200636352 /* Sources */ = {
			isa = PBXSourcesBuildPhase;
			buildActionMask = 2147483647;
			files = (
				5CBD8A192C14CB5300636352 /* NetworkHelper.swift in Sources */,
				5CBD8A082C14C11200636352 /* ContentView.swift in Sources */,
				5CBD8A222C1516B900636352 /* AddProductViewModel.swift in Sources */,
				5CBD8A242C1517E000636352 /* ContentViewModel.swift in Sources */,
				5CBD8A142C14C14500636352 /* ProductModel.swift in Sources */,
				5CBD8A062C14C11200636352 /* swipe_AssignmentApp.swift in Sources */,
				5CBD8A1F2C14F1D600636352 /* AddProductView.swift in Sources */,
			);
			runOnlyForDeploymentPostprocessing = 0;
		};
/* End PBXSourcesBuildPhase section */

/* Begin XCBuildConfiguration section */
		5CBD8A0E2C14C11400636352 /* Debug */ = {
			isa = XCBuildConfiguration;
			buildSettings = {
				ALWAYS_SEARCH_USER_PATHS = NO;
				ASSETCATALOG_COMPILER_GENERATE_SWIFT_ASSET_SYMBOL_EXTENSIONS = YES;
				CLANG_ANALYZER_NONNULL = YES;
				CLANG_ANALYZER_NUMBER_OBJECT_CONVERSION = YES_AGGRESSIVE;
				CLANG_CXX_LANGUAGE_STANDARD = "gnu++20";
				CLANG_ENABLE_MODULES = YES;
				CLANG_ENABLE_OBJC_ARC = YES;
				CLANG_ENABLE_OBJC_WEAK = YES;
				CLANG_WARN_BLOCK_CAPTURE_AUTORELEASING = YES;
				CLANG_WARN_BOOL_CONVERSION = YES;
				CLANG_WARN_COMMA = YES;
				CLANG_WARN_CONSTANT_CONVERSION = YES;
				CLANG_WARN_DEPRECATED_OBJC_IMPLEMENTATIONS = YES;
				CLANG_WARN_DIRECT_OBJC_ISA_USAGE = YES_ERROR;
				CLANG_WARN_DOCUMENTATION_COMMENTS = YES;
				CLANG_WARN_EMPTY_BODY = YES;
				CLANG_WARN_ENUM_CONVERSION = YES;
				CLANG_WARN_INFINITE_RECURSION = YES;
				CLANG_WARN_INT_CONVERSION = YES;
				CLANG_WARN_NON_LITERAL_NULL_CONVERSION = YES;
				CLANG_WARN_OBJC_IMPLICIT_RETAIN_SELF = YES;
				CLANG_WARN_OBJC_LITERAL_CONVERSION = YES;
				CLANG_WARN_OBJC_ROOT_CLASS = YES_ERROR;
				CLANG_WARN_QUOTED_INCLUDE_IN_FRAMEWORK_HEADER = YES;
				CLANG_WARN_RANGE_LOOP_ANALYSIS = YES;
				CLANG_WARN_STRICT_PROTOTYPES = YES;
				CLANG_WARN_SUSPICIOUS_MOVE = YES;
				CLANG_WARN_UNGUARDED_AVAILABILITY = YES_AGGRESSIVE;
				CLANG_WARN_UNREACHABLE_CODE = YES;
				CLANG_WARN__DUPLICATE_METHOD_MATCH = YES;
				COPY_PHASE_STRIP = NO;
				DEBUG_INFORMATION_FORMAT = dwarf;
				ENABLE_STRICT_OBJC_MSGSEND = YES;
				ENABLE_TESTABILITY = YES;
				ENABLE_USER_SCRIPT_SANDBOXING = YES;
				GCC_C_LANGUAGE_STANDARD = gnu17;
				GCC_DYNAMIC_NO_PIC = NO;
				GCC_NO_COMMON_BLOCKS = YES;
				GCC_OPTIMIZATION_LEVEL = 0;
				GCC_PREPROCESSOR_DEFINITIONS = (
					"DEBUG=1",
					"$(inherited)",
				);
				GCC_WARN_64_TO_32_BIT_CONVERSION = YES;
				GCC_WARN_ABOUT_RETURN_TYPE = YES_ERROR;
				GCC_WARN_UNDECLARED_SELECTOR = YES;
				GCC_WARN_UNINITIALIZED_AUTOS = YES_AGGRESSIVE;
				GCC_WARN_UNUSED_FUNCTION = YES;
				GCC_WARN_UNUSED_VARIABLE = YES;
				IPHONEOS_DEPLOYMENT_TARGET = 17.4;
				LOCALIZATION_PREFERS_STRING_CATALOGS = YES;
				MTL_ENABLE_DEBUG_INFO = INCLUDE_SOURCE;
				MTL_FAST_MATH = YES;
				ONLY_ACTIVE_ARCH = YES;
				SDKROOT = iphoneos;
				SWIFT_ACTIVE_COMPILATION_CONDITIONS = "DEBUG $(inherited)";
				SWIFT_OPTIMIZATION_LEVEL = "-Onone";
			};
			name = Debug;
		};
		5CBD8A0F2C14C11400636352 /* Release */ = {
			isa = XCBuildConfiguration;
			buildSettings = {
				ALWAYS_SEARCH_USER_PATHS = NO;
				ASSETCATALOG_COMPILER_GENERATE_SWIFT_ASSET_SYMBOL_EXTENSIONS = YES;
				CLANG_ANALYZER_NONNULL = YES;
				CLANG_ANALYZER_NUMBER_OBJECT_CONVERSION = YES_AGGRESSIVE;
				CLANG_CXX_LANGUAGE_STANDARD = "gnu++20";
				CLANG_ENABLE_MODULES = YES;
				CLANG_ENABLE_OBJC_ARC = YES;
				CLANG_ENABLE_OBJC_WEAK = YES;
				CLANG_WARN_BLOCK_CAPTURE_AUTORELEASING = YES;
				CLANG_WARN_BOOL_CONVERSION = YES;
				CLANG_WARN_COMMA = YES;
				CLANG_WARN_CONSTANT_CONVERSION = YES;
				CLANG_WARN_DEPRECATED_OBJC_IMPLEMENTATIONS = YES;
				CLANG_WARN_DIRECT_OBJC_ISA_USAGE = YES_ERROR;
				CLANG_WARN_DOCUMENTATION_COMMENTS = YES;
				CLANG_WARN_EMPTY_BODY = YES;
				CLANG_WARN_ENUM_CONVERSION = YES;
				CLANG_WARN_INFINITE_RECURSION = YES;
				CLANG_WARN_INT_CONVERSION = YES;
				CLANG_WARN_NON_LITERAL_NULL_CONVERSION = YES;
				CLANG_WARN_OBJC_IMPLICIT_RETAIN_SELF = YES;
				CLANG_WARN_OBJC_LITERAL_CONVERSION = YES;
				CLANG_WARN_OBJC_ROOT_CLASS = YES_ERROR;
				CLANG_WARN_QUOTED_INCLUDE_IN_FRAMEWORK_HEADER = YES;
				CLANG_WARN_RANGE_LOOP_ANALYSIS = YES;
				CLANG_WARN_STRICT_PROTOTYPES = YES;
				CLANG_WARN_SUSPICIOUS_MOVE = YES;
				CLANG_WARN_UNGUARDED_AVAILABILITY = YES_AGGRESSIVE;
				CLANG_WARN_UNREACHABLE_CODE = YES;
				CLANG_WARN__DUPLICATE_METHOD_MATCH = YES;
				COPY_PHASE_STRIP = NO;
				DEBUG_INFORMATION_FORMAT = "dwarf-with-dsym";
				ENABLE_NS_ASSERTIONS = NO;
				ENABLE_STRICT_OBJC_MSGSEND = YES;
				ENABLE_USER_SCRIPT_SANDBOXING = YES;
				GCC_C_LANGUAGE_STANDARD = gnu17;
				GCC_NO_COMMON_BLOCKS = YES;
				GCC_WARN_64_TO_32_BIT_CONVERSION = YES;
				GCC_WARN_ABOUT_RETURN_TYPE = YES_ERROR;
				GCC_WARN_UNDECLARED_SELECTOR = YES;
				GCC_WARN_UNINITIALIZED_AUTOS = YES_AGGRESSIVE;
				GCC_WARN_UNUSED_FUNCTION = YES;
				GCC_WARN_UNUSED_VARIABLE = YES;
				IPHONEOS_DEPLOYMENT_TARGET = 17.4;
				LOCALIZATION_PREFERS_STRING_CATALOGS = YES;
				MTL_ENABLE_DEBUG_INFO = NO;
				MTL_FAST_MATH = YES;
				SDKROOT = iphoneos;
				SWIFT_COMPILATION_MODE = wholemodule;
				VALIDATE_PRODUCT = YES;
			};
			name = Release;
		};
		5CBD8A112C14C11400636352 /* Debug */ = {
			isa = XCBuildConfiguration;
			buildSettings = {
				ASSETCATALOG_COMPILER_APPICON_NAME = AppIcon;
				ASSETCATALOG_COMPILER_GLOBAL_ACCENT_COLOR_NAME = AccentColor;
				CODE_SIGN_STYLE = Automatic;
				CURRENT_PROJECT_VERSION = 1;
				DEVELOPMENT_ASSET_PATHS = "\"swipe_Assignment/Preview Content\"";
				DEVELOPMENT_TEAM = N62N447LUW;
				ENABLE_PREVIEWS = YES;
				GENERATE_INFOPLIST_FILE = YES;
				INFOPLIST_KEY_UIApplicationSceneManifest_Generation = YES;
				INFOPLIST_KEY_UIApplicationSupportsIndirectInputEvents = YES;
				INFOPLIST_KEY_UILaunchScreen_Generation = YES;
				INFOPLIST_KEY_UISupportedInterfaceOrientations_iPad = "UIInterfaceOrientationPortrait UIInterfaceOrientationPortraitUpsideDown UIInterfaceOrientationLandscapeLeft UIInterfaceOrientationLandscapeRight";
				INFOPLIST_KEY_UISupportedInterfaceOrientations_iPhone = "UIInterfaceOrientationPortrait UIInterfaceOrientationLandscapeLeft UIInterfaceOrientationLandscapeRight";
				LD_RUNPATH_SEARCH_PATHS = (
					"$(inherited)",
					"@executable_path/Frameworks",
				);
				MARKETING_VERSION = 1.0;
				PRODUCT_BUNDLE_IDENTIFIER = "pathakmanvendu.swipe-Assignment";
				PRODUCT_NAME = "$(TARGET_NAME)";
				SWIFT_EMIT_LOC_STRINGS = YES;
				SWIFT_VERSION = 5.0;
				TARGETED_DEVICE_FAMILY = "1,2";
			};
			name = Debug;
		};
		5CBD8A122C14C11400636352 /* Release */ = {
			isa = XCBuildConfiguration;
			buildSettings = {
				ASSETCATALOG_COMPILER_APPICON_NAME = AppIcon;
				ASSETCATALOG_COMPILER_GLOBAL_ACCENT_COLOR_NAME = AccentColor;
				CODE_SIGN_STYLE = Automatic;
				CURRENT_PROJECT_VERSION = 1;
				DEVELOPMENT_ASSET_PATHS = "\"swipe_Assignment/Preview Content\"";
				DEVELOPMENT_TEAM = N62N447LUW;
				ENABLE_PREVIEWS = YES;
				GENERATE_INFOPLIST_FILE = YES;
				INFOPLIST_KEY_UIApplicationSceneManifest_Generation = YES;
				INFOPLIST_KEY_UIApplicationSupportsIndirectInputEvents = YES;
				INFOPLIST_KEY_UILaunchScreen_Generation = YES;
				INFOPLIST_KEY_UISupportedInterfaceOrientations_iPad = "UIInterfaceOrientationPortrait UIInterfaceOrientationPortraitUpsideDown UIInterfaceOrientationLandscapeLeft UIInterfaceOrientationLandscapeRight";
				INFOPLIST_KEY_UISupportedInterfaceOrientations_iPhone = "UIInterfaceOrientationPortrait UIInterfaceOrientationLandscapeLeft UIInterfaceOrientationLandscapeRight";
				LD_RUNPATH_SEARCH_PATHS = (
					"$(inherited)",
					"@executable_path/Frameworks",
				);
				MARKETING_VERSION = 1.0;
				PRODUCT_BUNDLE_IDENTIFIER = "pathakmanvendu.swipe-Assignment";
				PRODUCT_NAME = "$(TARGET_NAME)";
				SWIFT_EMIT_LOC_STRINGS = YES;
				SWIFT_VERSION = 5.0;
				TARGETED_DEVICE_FAMILY = "1,2";
			};
			name = Release;
		};
/* End XCBuildConfiguration section */

/* Begin XCConfigurationList section */
		5CBD89FD2C14C11200636352 /* Build configuration list for PBXProject "swipe_Assignment" */ = {
			isa = XCConfigurationList;
			buildConfigurations = (
				5CBD8A0E2C14C11400636352 /* Debug */,
				5CBD8A0F2C14C11400636352 /* Release */,
			);
			defaultConfigurationIsVisible = 0;
			defaultConfigurationName = Release;
		};
		5CBD8A102C14C11400636352 /* Build configuration list for PBXNativeTarget "swipe_Assignment" */ = {
			isa = XCConfigurationList;
			buildConfigurations = (
				5CBD8A112C14C11400636352 /* Debug */,
				5CBD8A122C14C11400636352 /* Release */,
			);
			defaultConfigurationIsVisible = 0;
			defaultConfigurationName = Release;
		};
/* End XCConfigurationList section */
	};
	rootObject = 5CBD89FA2C14C11200636352 /* Project object */;
}
